# This file is automatically @generated by Poetry 1.6.1 and should not be changed by hand.

[[package]]
name = "colored-logs"
version = "0.2.10"
description = "A colored logs package based on 'colored'"
optional = false
python-versions = ">=3.5"
files = [
    {file = "colored_logs-0.2.10-py3-none-any.whl", hash = "sha256:49c22c7294827af013abf078bb3098755c93ca6f67aef4f1b45aacdc28828768"},
    {file = "colored_logs-0.2.10.tar.gz", hash = "sha256:60aef246e9f4fcb8aa8821d915af515ed890803bae34981dac2b065b4a1f8b49"},
]

[metadata]
lock-version = "2.0"
python-versions = "^3.11"
content-hash = "cdd865e1b0fbcaeccb2d19e2dc8ae80e7f8609424f680ac32cc077940c200a1e"
